
Microsoft Visual Studio Solution File, Format Version 12.00
# Visual Studio Version 17
VisualStudioVersion = 17.3.32929.385
MinimumVisualStudioVersion = 10.0.40219.1
Project("{FAE04EC0-301F-11D3-BF4B-00C04F79EFBC}") = "hm5_ex1", "hm5_ex1\hm5_ex1.csproj", "{5D23D317-C1F4-4552-A3FD-2C8CF571BFFF}"
EndProject
Global
	GlobalSection(SolutionConfigurationPlatforms) = preSolution
		Debug|Any CPU = Debug|Any CPU
		Release|Any CPU = Release|Any CPU
	EndGlobalSection
	GlobalSection(ProjectConfigurationPlatforms) = postSolution
		{5D23D317-C1F4-4552-A3FD-2C8CF571BFFF}.Debug|Any CPU.ActiveCfg = Debug|Any CPU
		{5D23D317-C1F4-4552-A3FD-2C8CF571BFFF}.Debug|Any CPU.Build.0 = Debug|Any CPU
		{5D23D317-C1F4-4552-A3FD-2C8CF571BFFF}.Release|Any CPU.ActiveCfg = Release|Any CPU
		{5D23D317-C1F4-4552-A3FD-2C8CF571BFFF}.Release|Any CPU.Build.0 = Release|Any CPU
	EndGlobalSection
	GlobalSection(SolutionProperties) = preSolution
		HideSolutionNode = FALSE
	EndGlobalSection
	GlobalSection(ExtensibilityGlobals) = postSolution
		SolutionGuid = {E9200162-F82A-4C8D-9ABA-DE9BFE9DD456}
	EndGlobalSection
EndGlobal
